
Microsoft Visual Studio Solution File, Format Version 12.00
# Visual Studio 15
VisualStudioVersion = 15.0.28307.852
MinimumVisualStudioVersion = 10.0.40219.1
Project("{FAE04EC0-301F-11D3-BF4B-00C04F79EFBC}") = "ingressos", "ingressos\ingressos.csproj", "{B986B79C-A7B1-44F1-AFE8-0305275ABA48}"
EndProject
Global
	GlobalSection(SolutionConfigurationPlatforms) = preSolution
		Debug|Any CPU = Debug|Any CPU
		Release|Any CPU = Release|Any CPU
	EndGlobalSection
	GlobalSection(ProjectConfigurationPlatforms) = postSolution
		{B986B79C-A7B1-44F1-AFE8-0305275ABA48}.Debug|Any CPU.ActiveCfg = Debug|Any CPU
		{B986B79C-A7B1-44F1-AFE8-0305275ABA48}.Debug|Any CPU.Build.0 = Debug|Any CPU
		{B986B79C-A7B1-44F1-AFE8-0305275ABA48}.Release|Any CPU.ActiveCfg = Release|Any CPU
		{B986B79C-A7B1-44F1-AFE8-0305275ABA48}.Release|Any CPU.Build.0 = Release|Any CPU
	EndGlobalSection
	GlobalSection(SolutionProperties) = preSolution
		HideSolutionNode = FALSE
	EndGlobalSection
	GlobalSection(ExtensibilityGlobals) = postSolution
		SolutionGuid = {0861A40B-82C2-4A6A-8A62-C62EC1015165}
	EndGlobalSection
EndGlobal
